
Microsoft Visual Studio Solution File, Format Version 12.00
# Visual Studio Version 17
VisualStudioVersion = 17.14.36908.2 d17.14
MinimumVisualStudioVersion = 10.0.40219.1
Project("{FAE04EC0-301F-11D3-BF4B-00C04F79EFBC}") = "Json.skouska", "Json.skouska\Json.skouska.csproj", "{9AB0A922-15CB-4B31-9093-6898F2F69BF5}"
EndProject
Global
	GlobalSection(SolutionConfigurationPlatforms) = preSolution
		Debug|Any CPU = Debug|Any CPU
		Release|Any CPU = Release|Any CPU
	EndGlobalSection
	GlobalSection(ProjectConfigurationPlatforms) = postSolution
		{9AB0A922-15CB-4B31-9093-6898F2F69BF5}.Debug|Any CPU.ActiveCfg = Debug|Any CPU
		{9AB0A922-15CB-4B31-9093-6898F2F69BF5}.Debug|Any CPU.Build.0 = Debug|Any CPU
		{9AB0A922-15CB-4B31-9093-6898F2F69BF5}.Release|Any CPU.ActiveCfg = Release|Any CPU
		{9AB0A922-15CB-4B31-9093-6898F2F69BF5}.Release|Any CPU.Build.0 = Release|Any CPU
	EndGlobalSection
	GlobalSection(SolutionProperties) = preSolution
		HideSolutionNode = FALSE
	EndGlobalSection
	GlobalSection(ExtensibilityGlobals) = postSolution
		SolutionGuid = {5D4A9D8B-A191-4F8A-9184-EB7912376053}
	EndGlobalSection
EndGlobal
