
Microsoft Visual Studio Solution File, Format Version 12.00
# Visual Studio Version 17
VisualStudioVersion = 17.14.36429.23 d17.14
MinimumVisualStudioVersion = 10.0.40219.1
Project("{FAE04EC0-301F-11D3-BF4B-00C04F79EFBC}") = "obracene_slovo2", "obracene_slovo2\obracene_slovo2.csproj", "{B5C0D076-656C-4F6A-97F1-E58D982BBF07}"
EndProject
Global
	GlobalSection(SolutionConfigurationPlatforms) = preSolution
		Debug|Any CPU = Debug|Any CPU
		Release|Any CPU = Release|Any CPU
	EndGlobalSection
	GlobalSection(ProjectConfigurationPlatforms) = postSolution
		{B5C0D076-656C-4F6A-97F1-E58D982BBF07}.Debug|Any CPU.ActiveCfg = Debug|Any CPU
		{B5C0D076-656C-4F6A-97F1-E58D982BBF07}.Debug|Any CPU.Build.0 = Debug|Any CPU
		{B5C0D076-656C-4F6A-97F1-E58D982BBF07}.Release|Any CPU.ActiveCfg = Release|Any CPU
		{B5C0D076-656C-4F6A-97F1-E58D982BBF07}.Release|Any CPU.Build.0 = Release|Any CPU
	EndGlobalSection
	GlobalSection(SolutionProperties) = preSolution
		HideSolutionNode = FALSE
	EndGlobalSection
	GlobalSection(ExtensibilityGlobals) = postSolution
		SolutionGuid = {1C7AF557-DA97-4A70-AA19-24CDBAAF10E8}
	EndGlobalSection
EndGlobal
