
Microsoft Visual Studio Solution File, Format Version 12.00
# Visual Studio Version 17
VisualStudioVersion = 17.14.36429.23 d17.14
MinimumVisualStudioVersion = 10.0.40219.1
Project("{FAE04EC0-301F-11D3-BF4B-00C04F79EFBC}") = "pocty_podle_parity", "pocty_podle_parity\pocty_podle_parity.csproj", "{EABAC3CC-B44E-489A-9B45-3ECBEC22DEFC}"
EndProject
Global
	GlobalSection(SolutionConfigurationPlatforms) = preSolution
		Debug|Any CPU = Debug|Any CPU
		Release|Any CPU = Release|Any CPU
	EndGlobalSection
	GlobalSection(ProjectConfigurationPlatforms) = postSolution
		{EABAC3CC-B44E-489A-9B45-3ECBEC22DEFC}.Debug|Any CPU.ActiveCfg = Debug|Any CPU
		{EABAC3CC-B44E-489A-9B45-3ECBEC22DEFC}.Debug|Any CPU.Build.0 = Debug|Any CPU
		{EABAC3CC-B44E-489A-9B45-3ECBEC22DEFC}.Release|Any CPU.ActiveCfg = Release|Any CPU
		{EABAC3CC-B44E-489A-9B45-3ECBEC22DEFC}.Release|Any CPU.Build.0 = Release|Any CPU
	EndGlobalSection
	GlobalSection(SolutionProperties) = preSolution
		HideSolutionNode = FALSE
	EndGlobalSection
	GlobalSection(ExtensibilityGlobals) = postSolution
		SolutionGuid = {090D0B94-6A45-444E-9FE9-B11E109E1AEE}
	EndGlobalSection
EndGlobal
