
Microsoft Visual Studio Solution File, Format Version 12.00
# Visual Studio Version 17
VisualStudioVersion = 17.14.36429.23 d17.14
MinimumVisualStudioVersion = 10.0.40219.1
Project("{FAE04EC0-301F-11D3-BF4B-00C04F79EFBC}") = "operatory", "operatory\operatory.csproj", "{E63B5AD7-57A2-4A45-B5F6-8F90C441C03E}"
EndProject
Global
	GlobalSection(SolutionConfigurationPlatforms) = preSolution
		Debug|Any CPU = Debug|Any CPU
		Release|Any CPU = Release|Any CPU
	EndGlobalSection
	GlobalSection(ProjectConfigurationPlatforms) = postSolution
		{E63B5AD7-57A2-4A45-B5F6-8F90C441C03E}.Debug|Any CPU.ActiveCfg = Debug|Any CPU
		{E63B5AD7-57A2-4A45-B5F6-8F90C441C03E}.Debug|Any CPU.Build.0 = Debug|Any CPU
		{E63B5AD7-57A2-4A45-B5F6-8F90C441C03E}.Release|Any CPU.ActiveCfg = Release|Any CPU
		{E63B5AD7-57A2-4A45-B5F6-8F90C441C03E}.Release|Any CPU.Build.0 = Release|Any CPU
	EndGlobalSection
	GlobalSection(SolutionProperties) = preSolution
		HideSolutionNode = FALSE
	EndGlobalSection
	GlobalSection(ExtensibilityGlobals) = postSolution
		SolutionGuid = {2128B924-3A1E-4DD0-8978-D48AB376DA82}
	EndGlobalSection
EndGlobal
