
Microsoft Visual Studio Solution File, Format Version 12.00
# Visual Studio Version 17
VisualStudioVersion = 17.14.36717.8 d17.14
MinimumVisualStudioVersion = 10.0.40219.1
Project("{FAE04EC0-301F-11D3-BF4B-00C04F79EFBC}") = "baleni_darku", "baleni_darku\baleni_darku.csproj", "{F13889CF-9C79-4148-B8B1-5BC4A601E352}"
EndProject
Global
	GlobalSection(SolutionConfigurationPlatforms) = preSolution
		Debug|Any CPU = Debug|Any CPU
		Release|Any CPU = Release|Any CPU
	EndGlobalSection
	GlobalSection(ProjectConfigurationPlatforms) = postSolution
		{F13889CF-9C79-4148-B8B1-5BC4A601E352}.Debug|Any CPU.ActiveCfg = Debug|Any CPU
		{F13889CF-9C79-4148-B8B1-5BC4A601E352}.Debug|Any CPU.Build.0 = Debug|Any CPU
		{F13889CF-9C79-4148-B8B1-5BC4A601E352}.Release|Any CPU.ActiveCfg = Release|Any CPU
		{F13889CF-9C79-4148-B8B1-5BC4A601E352}.Release|Any CPU.Build.0 = Release|Any CPU
	EndGlobalSection
	GlobalSection(SolutionProperties) = preSolution
		HideSolutionNode = FALSE
	EndGlobalSection
	GlobalSection(ExtensibilityGlobals) = postSolution
		SolutionGuid = {847DDE64-4F82-40D2-AE65-911B06CFDDF0}
	EndGlobalSection
EndGlobal
