
Microsoft Visual Studio Solution File, Format Version 12.00
# Visual Studio Version 17
VisualStudioVersion = 17.14.36717.8 d17.14
MinimumVisualStudioVersion = 10.0.40219.1
Project("{FAE04EC0-301F-11D3-BF4B-00C04F79EFBC}") = "resize", "resize\resize.csproj", "{D9D1B7A6-7A47-4231-96B7-620700788BF9}"
EndProject
Global
	GlobalSection(SolutionConfigurationPlatforms) = preSolution
		Debug|Any CPU = Debug|Any CPU
		Release|Any CPU = Release|Any CPU
	EndGlobalSection
	GlobalSection(ProjectConfigurationPlatforms) = postSolution
		{D9D1B7A6-7A47-4231-96B7-620700788BF9}.Debug|Any CPU.ActiveCfg = Debug|Any CPU
		{D9D1B7A6-7A47-4231-96B7-620700788BF9}.Debug|Any CPU.Build.0 = Debug|Any CPU
		{D9D1B7A6-7A47-4231-96B7-620700788BF9}.Release|Any CPU.ActiveCfg = Release|Any CPU
		{D9D1B7A6-7A47-4231-96B7-620700788BF9}.Release|Any CPU.Build.0 = Release|Any CPU
	EndGlobalSection
	GlobalSection(SolutionProperties) = preSolution
		HideSolutionNode = FALSE
	EndGlobalSection
	GlobalSection(ExtensibilityGlobals) = postSolution
		SolutionGuid = {BF38E03C-5823-4F86-8A6C-205D62C72CAD}
	EndGlobalSection
EndGlobal
