
Microsoft Visual Studio Solution File, Format Version 12.00
# Visual Studio Version 17
VisualStudioVersion = 17.14.36429.23 d17.14
MinimumVisualStudioVersion = 10.0.40219.1
Project("{FAE04EC0-301F-11D3-BF4B-00C04F79EFBC}") = "Soucet_cisel_v_intervalu", "Soucet_cisel_v_intervalu\Soucet_cisel_v_intervalu.csproj", "{0DE31A1A-6847-4AD2-90FE-103679EC919D}"
EndProject
Global
	GlobalSection(SolutionConfigurationPlatforms) = preSolution
		Debug|Any CPU = Debug|Any CPU
		Release|Any CPU = Release|Any CPU
	EndGlobalSection
	GlobalSection(ProjectConfigurationPlatforms) = postSolution
		{0DE31A1A-6847-4AD2-90FE-103679EC919D}.Debug|Any CPU.ActiveCfg = Debug|Any CPU
		{0DE31A1A-6847-4AD2-90FE-103679EC919D}.Debug|Any CPU.Build.0 = Debug|Any CPU
		{0DE31A1A-6847-4AD2-90FE-103679EC919D}.Release|Any CPU.ActiveCfg = Release|Any CPU
		{0DE31A1A-6847-4AD2-90FE-103679EC919D}.Release|Any CPU.Build.0 = Release|Any CPU
	EndGlobalSection
	GlobalSection(SolutionProperties) = preSolution
		HideSolutionNode = FALSE
	EndGlobalSection
	GlobalSection(ExtensibilityGlobals) = postSolution
		SolutionGuid = {EB53F749-5C8E-49C4-89A4-CBF6F63B3946}
	EndGlobalSection
EndGlobal
