
Microsoft Visual Studio Solution File, Format Version 12.00
# Visual Studio Version 17
VisualStudioVersion = 17.14.36908.2 d17.14
MinimumVisualStudioVersion = 10.0.40219.1
Project("{FAE04EC0-301F-11D3-BF4B-00C04F79EFBC}") = "Zapouzdreni", "Zapouzdreni\Zapouzdreni.csproj", "{BAC51004-F5DD-480F-9031-C0647076C01A}"
EndProject
Global
	GlobalSection(SolutionConfigurationPlatforms) = preSolution
		Debug|Any CPU = Debug|Any CPU
		Release|Any CPU = Release|Any CPU
	EndGlobalSection
	GlobalSection(ProjectConfigurationPlatforms) = postSolution
		{BAC51004-F5DD-480F-9031-C0647076C01A}.Debug|Any CPU.ActiveCfg = Debug|Any CPU
		{BAC51004-F5DD-480F-9031-C0647076C01A}.Debug|Any CPU.Build.0 = Debug|Any CPU
		{BAC51004-F5DD-480F-9031-C0647076C01A}.Release|Any CPU.ActiveCfg = Release|Any CPU
		{BAC51004-F5DD-480F-9031-C0647076C01A}.Release|Any CPU.Build.0 = Release|Any CPU
	EndGlobalSection
	GlobalSection(SolutionProperties) = preSolution
		HideSolutionNode = FALSE
	EndGlobalSection
	GlobalSection(ExtensibilityGlobals) = postSolution
		SolutionGuid = {EFE7FA87-D27A-44F7-AAA4-C22EEEC7B5F0}
	EndGlobalSection
EndGlobal
