
Microsoft Visual Studio Solution File, Format Version 12.00
# Visual Studio Version 17
VisualStudioVersion = 17.14.36429.23 d17.14
MinimumVisualStudioVersion = 10.0.40219.1
Project("{FAE04EC0-301F-11D3-BF4B-00C04F79EFBC}") = "Procviceni-Chyba-FOR-c-1", "Procviceni-Chyba-FOR-c-1\Procviceni-Chyba-FOR-c-1.csproj", "{A949603D-2EDD-42EF-ACCE-0B2B91E87068}"
EndProject
Global
	GlobalSection(SolutionConfigurationPlatforms) = preSolution
		Debug|Any CPU = Debug|Any CPU
		Release|Any CPU = Release|Any CPU
	EndGlobalSection
	GlobalSection(ProjectConfigurationPlatforms) = postSolution
		{A949603D-2EDD-42EF-ACCE-0B2B91E87068}.Debug|Any CPU.ActiveCfg = Debug|Any CPU
		{A949603D-2EDD-42EF-ACCE-0B2B91E87068}.Debug|Any CPU.Build.0 = Debug|Any CPU
		{A949603D-2EDD-42EF-ACCE-0B2B91E87068}.Release|Any CPU.ActiveCfg = Release|Any CPU
		{A949603D-2EDD-42EF-ACCE-0B2B91E87068}.Release|Any CPU.Build.0 = Release|Any CPU
	EndGlobalSection
	GlobalSection(SolutionProperties) = preSolution
		HideSolutionNode = FALSE
	EndGlobalSection
	GlobalSection(ExtensibilityGlobals) = postSolution
		SolutionGuid = {F37BFAAD-DC26-4E63-94FC-BE6CC47D465A}
	EndGlobalSection
EndGlobal
