
Microsoft Visual Studio Solution File, Format Version 12.00
# Visual Studio Version 17
VisualStudioVersion = 17.14.36429.23 d17.14
MinimumVisualStudioVersion = 10.0.40219.1
Project("{FAE04EC0-301F-11D3-BF4B-00C04F79EFBC}") = "Procviceni-Chyba-FOR-c-2", "Procviceni-Chyba-FOR-c-2\Procviceni-Chyba-FOR-c-2.csproj", "{A3B3837A-505E-4722-90C7-41886F224A8E}"
EndProject
Global
	GlobalSection(SolutionConfigurationPlatforms) = preSolution
		Debug|Any CPU = Debug|Any CPU
		Release|Any CPU = Release|Any CPU
	EndGlobalSection
	GlobalSection(ProjectConfigurationPlatforms) = postSolution
		{A3B3837A-505E-4722-90C7-41886F224A8E}.Debug|Any CPU.ActiveCfg = Debug|Any CPU
		{A3B3837A-505E-4722-90C7-41886F224A8E}.Debug|Any CPU.Build.0 = Debug|Any CPU
		{A3B3837A-505E-4722-90C7-41886F224A8E}.Release|Any CPU.ActiveCfg = Release|Any CPU
		{A3B3837A-505E-4722-90C7-41886F224A8E}.Release|Any CPU.Build.0 = Release|Any CPU
	EndGlobalSection
	GlobalSection(SolutionProperties) = preSolution
		HideSolutionNode = FALSE
	EndGlobalSection
	GlobalSection(ExtensibilityGlobals) = postSolution
		SolutionGuid = {02997080-2BBD-405C-92EB-B259C6BF3476}
	EndGlobalSection
EndGlobal
