
Microsoft Visual Studio Solution File, Format Version 12.00
# Visual Studio Version 17
VisualStudioVersion = 17.14.36429.23 d17.14
MinimumVisualStudioVersion = 10.0.40219.1
Project("{FAE04EC0-301F-11D3-BF4B-00C04F79EFBC}") = "oddelovaci_znak", "oddelovaci_znak\oddelovaci_znak.csproj", "{224D21D0-3C86-4783-AB4E-8554554E7CBF}"
EndProject
Global
	GlobalSection(SolutionConfigurationPlatforms) = preSolution
		Debug|Any CPU = Debug|Any CPU
		Release|Any CPU = Release|Any CPU
	EndGlobalSection
	GlobalSection(ProjectConfigurationPlatforms) = postSolution
		{224D21D0-3C86-4783-AB4E-8554554E7CBF}.Debug|Any CPU.ActiveCfg = Debug|Any CPU
		{224D21D0-3C86-4783-AB4E-8554554E7CBF}.Debug|Any CPU.Build.0 = Debug|Any CPU
		{224D21D0-3C86-4783-AB4E-8554554E7CBF}.Release|Any CPU.ActiveCfg = Release|Any CPU
		{224D21D0-3C86-4783-AB4E-8554554E7CBF}.Release|Any CPU.Build.0 = Release|Any CPU
	EndGlobalSection
	GlobalSection(SolutionProperties) = preSolution
		HideSolutionNode = FALSE
	EndGlobalSection
	GlobalSection(ExtensibilityGlobals) = postSolution
		SolutionGuid = {F9784BD2-B1B2-4125-94B9-418DED9F59F0}
	EndGlobalSection
EndGlobal
