
Microsoft Visual Studio Solution File, Format Version 12.00
# Visual Studio Version 17
VisualStudioVersion = 17.14.36908.2 d17.14
MinimumVisualStudioVersion = 10.0.40219.1
Project("{FAE04EC0-301F-11D3-BF4B-00C04F79EFBC}") = "Dictionary_Uvod", "Dictionary_Uvod\Dictionary_Uvod.csproj", "{4ADD2872-8054-481F-8C7F-65DE5CD16A8D}"
EndProject
Global
	GlobalSection(SolutionConfigurationPlatforms) = preSolution
		Debug|Any CPU = Debug|Any CPU
		Release|Any CPU = Release|Any CPU
	EndGlobalSection
	GlobalSection(ProjectConfigurationPlatforms) = postSolution
		{4ADD2872-8054-481F-8C7F-65DE5CD16A8D}.Debug|Any CPU.ActiveCfg = Debug|Any CPU
		{4ADD2872-8054-481F-8C7F-65DE5CD16A8D}.Debug|Any CPU.Build.0 = Debug|Any CPU
		{4ADD2872-8054-481F-8C7F-65DE5CD16A8D}.Release|Any CPU.ActiveCfg = Release|Any CPU
		{4ADD2872-8054-481F-8C7F-65DE5CD16A8D}.Release|Any CPU.Build.0 = Release|Any CPU
	EndGlobalSection
	GlobalSection(SolutionProperties) = preSolution
		HideSolutionNode = FALSE
	EndGlobalSection
	GlobalSection(ExtensibilityGlobals) = postSolution
		SolutionGuid = {C1E1CF92-56D3-4237-914C-6240566267B8}
	EndGlobalSection
EndGlobal
