
Microsoft Visual Studio Solution File, Format Version 12.00
# Visual Studio Version 17
VisualStudioVersion = 17.14.36717.8 d17.14
MinimumVisualStudioVersion = 10.0.40219.1
Project("{FAE04EC0-301F-11D3-BF4B-00C04F79EFBC}") = "hledani_grinche", "hledani_grinche\hledani_grinche.csproj", "{DB85EE21-1B19-47D8-B870-A4EF97C6D19A}"
EndProject
Global
	GlobalSection(SolutionConfigurationPlatforms) = preSolution
		Debug|Any CPU = Debug|Any CPU
		Release|Any CPU = Release|Any CPU
	EndGlobalSection
	GlobalSection(ProjectConfigurationPlatforms) = postSolution
		{DB85EE21-1B19-47D8-B870-A4EF97C6D19A}.Debug|Any CPU.ActiveCfg = Debug|Any CPU
		{DB85EE21-1B19-47D8-B870-A4EF97C6D19A}.Debug|Any CPU.Build.0 = Debug|Any CPU
		{DB85EE21-1B19-47D8-B870-A4EF97C6D19A}.Release|Any CPU.ActiveCfg = Release|Any CPU
		{DB85EE21-1B19-47D8-B870-A4EF97C6D19A}.Release|Any CPU.Build.0 = Release|Any CPU
	EndGlobalSection
	GlobalSection(SolutionProperties) = preSolution
		HideSolutionNode = FALSE
	EndGlobalSection
	GlobalSection(ExtensibilityGlobals) = postSolution
		SolutionGuid = {1DA2474C-93CF-4088-A4F6-A64F29D8F3D3}
	EndGlobalSection
EndGlobal
