
Microsoft Visual Studio Solution File, Format Version 12.00
# Visual Studio Version 17
VisualStudioVersion = 17.14.36429.23 d17.14
MinimumVisualStudioVersion = 10.0.40219.1
Project("{FAE04EC0-301F-11D3-BF4B-00C04F79EFBC}") = "Cesarova_sifra", "Cesarova_sifra\Cesarova_sifra.csproj", "{32DCF5DE-E8AF-4EC3-AB20-76A474F0387F}"
EndProject
Global
	GlobalSection(SolutionConfigurationPlatforms) = preSolution
		Debug|Any CPU = Debug|Any CPU
		Release|Any CPU = Release|Any CPU
	EndGlobalSection
	GlobalSection(ProjectConfigurationPlatforms) = postSolution
		{32DCF5DE-E8AF-4EC3-AB20-76A474F0387F}.Debug|Any CPU.ActiveCfg = Debug|Any CPU
		{32DCF5DE-E8AF-4EC3-AB20-76A474F0387F}.Debug|Any CPU.Build.0 = Debug|Any CPU
		{32DCF5DE-E8AF-4EC3-AB20-76A474F0387F}.Release|Any CPU.ActiveCfg = Release|Any CPU
		{32DCF5DE-E8AF-4EC3-AB20-76A474F0387F}.Release|Any CPU.Build.0 = Release|Any CPU
	EndGlobalSection
	GlobalSection(SolutionProperties) = preSolution
		HideSolutionNode = FALSE
	EndGlobalSection
	GlobalSection(ExtensibilityGlobals) = postSolution
		SolutionGuid = {5137BC60-4F2D-4A31-8035-0696F4DF5E56}
	EndGlobalSection
EndGlobal
