
Microsoft Visual Studio Solution File, Format Version 12.00
# Visual Studio Version 17
VisualStudioVersion = 17.14.36429.23 d17.14
MinimumVisualStudioVersion = 10.0.40219.1
Project("{FAE04EC0-301F-11D3-BF4B-00C04F79EFBC}") = "procvicovani_test", "procvicovani_test\procvicovani_test.csproj", "{BC47D59F-1A6C-46D2-AFBE-36427EC076F4}"
EndProject
Global
	GlobalSection(SolutionConfigurationPlatforms) = preSolution
		Debug|Any CPU = Debug|Any CPU
		Release|Any CPU = Release|Any CPU
	EndGlobalSection
	GlobalSection(ProjectConfigurationPlatforms) = postSolution
		{BC47D59F-1A6C-46D2-AFBE-36427EC076F4}.Debug|Any CPU.ActiveCfg = Debug|Any CPU
		{BC47D59F-1A6C-46D2-AFBE-36427EC076F4}.Debug|Any CPU.Build.0 = Debug|Any CPU
		{BC47D59F-1A6C-46D2-AFBE-36427EC076F4}.Release|Any CPU.ActiveCfg = Release|Any CPU
		{BC47D59F-1A6C-46D2-AFBE-36427EC076F4}.Release|Any CPU.Build.0 = Release|Any CPU
	EndGlobalSection
	GlobalSection(SolutionProperties) = preSolution
		HideSolutionNode = FALSE
	EndGlobalSection
	GlobalSection(ExtensibilityGlobals) = postSolution
		SolutionGuid = {697F381A-C8E8-4265-B7F6-C34EC2616FA8}
	EndGlobalSection
EndGlobal
