
Microsoft Visual Studio Solution File, Format Version 12.00
# Visual Studio Version 17
VisualStudioVersion = 17.14.36908.2 d17.14
MinimumVisualStudioVersion = 10.0.40219.1
Project("{FAE04EC0-301F-11D3-BF4B-00C04F79EFBC}") = "Test_27.2._1", "Test_27.2._1\Test_27.2._1.csproj", "{9EDA8858-2321-4DE2-9E1F-E7CA496E3326}"
EndProject
Global
	GlobalSection(SolutionConfigurationPlatforms) = preSolution
		Debug|Any CPU = Debug|Any CPU
		Release|Any CPU = Release|Any CPU
	EndGlobalSection
	GlobalSection(ProjectConfigurationPlatforms) = postSolution
		{9EDA8858-2321-4DE2-9E1F-E7CA496E3326}.Debug|Any CPU.ActiveCfg = Debug|Any CPU
		{9EDA8858-2321-4DE2-9E1F-E7CA496E3326}.Debug|Any CPU.Build.0 = Debug|Any CPU
		{9EDA8858-2321-4DE2-9E1F-E7CA496E3326}.Release|Any CPU.ActiveCfg = Release|Any CPU
		{9EDA8858-2321-4DE2-9E1F-E7CA496E3326}.Release|Any CPU.Build.0 = Release|Any CPU
	EndGlobalSection
	GlobalSection(SolutionProperties) = preSolution
		HideSolutionNode = FALSE
	EndGlobalSection
	GlobalSection(ExtensibilityGlobals) = postSolution
		SolutionGuid = {AE270767-EDC0-4C45-8058-224D3B935CED}
	EndGlobalSection
EndGlobal
