
Microsoft Visual Studio Solution File, Format Version 12.00
# Visual Studio Version 17
VisualStudioVersion = 17.14.36429.23 d17.14
MinimumVisualStudioVersion = 10.0.40219.1
Project("{FAE04EC0-301F-11D3-BF4B-00C04F79EFBC}") = "sifra_zmen_znak", "sifra_zmen_znak\sifra_zmen_znak.csproj", "{F5202739-1757-4C0C-976F-F163BB24B479}"
EndProject
Global
	GlobalSection(SolutionConfigurationPlatforms) = preSolution
		Debug|Any CPU = Debug|Any CPU
		Release|Any CPU = Release|Any CPU
	EndGlobalSection
	GlobalSection(ProjectConfigurationPlatforms) = postSolution
		{F5202739-1757-4C0C-976F-F163BB24B479}.Debug|Any CPU.ActiveCfg = Debug|Any CPU
		{F5202739-1757-4C0C-976F-F163BB24B479}.Debug|Any CPU.Build.0 = Debug|Any CPU
		{F5202739-1757-4C0C-976F-F163BB24B479}.Release|Any CPU.ActiveCfg = Release|Any CPU
		{F5202739-1757-4C0C-976F-F163BB24B479}.Release|Any CPU.Build.0 = Release|Any CPU
	EndGlobalSection
	GlobalSection(SolutionProperties) = preSolution
		HideSolutionNode = FALSE
	EndGlobalSection
	GlobalSection(ExtensibilityGlobals) = postSolution
		SolutionGuid = {ECD91CE4-70DD-4C87-BDB2-80A100214E20}
	EndGlobalSection
EndGlobal
