
Microsoft Visual Studio Solution File, Format Version 12.00
# Visual Studio Version 17
VisualStudioVersion = 17.14.36908.2 d17.14
MinimumVisualStudioVersion = 10.0.40219.1
Project("{FAE04EC0-301F-11D3-BF4B-00C04F79EFBC}") = "Opakovani_testu_OOP", "Opakovani_testu_OOP\Opakovani_testu_OOP.csproj", "{086D0D3B-7AAA-4EF9-8553-FE757226F4C3}"
EndProject
Global
	GlobalSection(SolutionConfigurationPlatforms) = preSolution
		Debug|Any CPU = Debug|Any CPU
		Release|Any CPU = Release|Any CPU
	EndGlobalSection
	GlobalSection(ProjectConfigurationPlatforms) = postSolution
		{086D0D3B-7AAA-4EF9-8553-FE757226F4C3}.Debug|Any CPU.ActiveCfg = Debug|Any CPU
		{086D0D3B-7AAA-4EF9-8553-FE757226F4C3}.Debug|Any CPU.Build.0 = Debug|Any CPU
		{086D0D3B-7AAA-4EF9-8553-FE757226F4C3}.Release|Any CPU.ActiveCfg = Release|Any CPU
		{086D0D3B-7AAA-4EF9-8553-FE757226F4C3}.Release|Any CPU.Build.0 = Release|Any CPU
	EndGlobalSection
	GlobalSection(SolutionProperties) = preSolution
		HideSolutionNode = FALSE
	EndGlobalSection
	GlobalSection(ExtensibilityGlobals) = postSolution
		SolutionGuid = {DECC2A6A-EC7A-42A0-9277-244EA45D3EE5}
	EndGlobalSection
EndGlobal
