
Microsoft Visual Studio Solution File, Format Version 12.00
# Visual Studio Version 17
VisualStudioVersion = 17.14.36908.2 d17.14
MinimumVisualStudioVersion = 10.0.40219.1
Project("{FAE04EC0-301F-11D3-BF4B-00C04F79EFBC}") = "Tabulka_coko", "Tabulka_coko\Tabulka_coko.csproj", "{7DFF34AC-28E9-4E1A-8436-7809CCEBCA32}"
EndProject
Global
	GlobalSection(SolutionConfigurationPlatforms) = preSolution
		Debug|Any CPU = Debug|Any CPU
		Release|Any CPU = Release|Any CPU
	EndGlobalSection
	GlobalSection(ProjectConfigurationPlatforms) = postSolution
		{7DFF34AC-28E9-4E1A-8436-7809CCEBCA32}.Debug|Any CPU.ActiveCfg = Debug|Any CPU
		{7DFF34AC-28E9-4E1A-8436-7809CCEBCA32}.Debug|Any CPU.Build.0 = Debug|Any CPU
		{7DFF34AC-28E9-4E1A-8436-7809CCEBCA32}.Release|Any CPU.ActiveCfg = Release|Any CPU
		{7DFF34AC-28E9-4E1A-8436-7809CCEBCA32}.Release|Any CPU.Build.0 = Release|Any CPU
	EndGlobalSection
	GlobalSection(SolutionProperties) = preSolution
		HideSolutionNode = FALSE
	EndGlobalSection
	GlobalSection(ExtensibilityGlobals) = postSolution
		SolutionGuid = {CC4241D7-74E8-4291-84F3-9BF44D7D94B0}
	EndGlobalSection
EndGlobal
