
Microsoft Visual Studio Solution File, Format Version 12.00
# Visual Studio Version 17
VisualStudioVersion = 17.14.36908.2 d17.14
MinimumVisualStudioVersion = 10.0.40219.1
Project("{FAE04EC0-301F-11D3-BF4B-00C04F79EFBC}") = "Skola_konstruktor", "Skola_konstruktor\Skola_konstruktor.csproj", "{3E159E21-0D4E-4827-B621-D9E3E83447F8}"
EndProject
Global
	GlobalSection(SolutionConfigurationPlatforms) = preSolution
		Debug|Any CPU = Debug|Any CPU
		Release|Any CPU = Release|Any CPU
	EndGlobalSection
	GlobalSection(ProjectConfigurationPlatforms) = postSolution
		{3E159E21-0D4E-4827-B621-D9E3E83447F8}.Debug|Any CPU.ActiveCfg = Debug|Any CPU
		{3E159E21-0D4E-4827-B621-D9E3E83447F8}.Debug|Any CPU.Build.0 = Debug|Any CPU
		{3E159E21-0D4E-4827-B621-D9E3E83447F8}.Release|Any CPU.ActiveCfg = Release|Any CPU
		{3E159E21-0D4E-4827-B621-D9E3E83447F8}.Release|Any CPU.Build.0 = Release|Any CPU
	EndGlobalSection
	GlobalSection(SolutionProperties) = preSolution
		HideSolutionNode = FALSE
	EndGlobalSection
	GlobalSection(ExtensibilityGlobals) = postSolution
		SolutionGuid = {14084B03-65A0-4D55-9CEE-83E8558576CE}
	EndGlobalSection
EndGlobal
